
Microsoft Visual Studio Solution File, Format Version 12.00
# Visual Studio Version 16
VisualStudioVersion = 16.0.29728.190
MinimumVisualStudioVersion = 10.0.40219.1
Project("{FAE04EC0-301F-11D3-BF4B-00C04F79EFBC}") = "TestCartographie", "TestCartographie\TestCartographie.csproj", "{EE3DBC57-9804-46A5-B6E6-72D77DD96866}"
EndProject
Project("{FAE04EC0-301F-11D3-BF4B-00C04F79EFBC}") = "MyCartographyObjects", "MyCartographyObjects\MyCartographyObjects.csproj", "{A356499D-5470-44EE-A2F3-2911C225E97F}"
EndProject
Project("{FAE04EC0-301F-11D3-BF4B-00C04F79EFBC}") = "Math_library", "Math_library\Math_library.csproj", "{245AC1F2-1B63-478C-B2E4-5B96473B46BE}"
EndProject
Project("{FAE04EC0-301F-11D3-BF4B-00C04F79EFBC}") = "Test", "Test\Test.csproj", "{53E30A9F-811E-4004-859D-99DF4EDFA91D}"
EndProject
Global
	GlobalSection(SolutionConfigurationPlatforms) = preSolution
		Debug|Any CPU = Debug|Any CPU
		Release|Any CPU = Release|Any CPU
	EndGlobalSection
	GlobalSection(ProjectConfigurationPlatforms) = postSolution
		{EE3DBC57-9804-46A5-B6E6-72D77DD96866}.Debug|Any CPU.ActiveCfg = Debug|Any CPU
		{EE3DBC57-9804-46A5-B6E6-72D77DD96866}.Debug|Any CPU.Build.0 = Debug|Any CPU
		{EE3DBC57-9804-46A5-B6E6-72D77DD96866}.Release|Any CPU.ActiveCfg = Release|Any CPU
		{EE3DBC57-9804-46A5-B6E6-72D77DD96866}.Release|Any CPU.Build.0 = Release|Any CPU
		{A356499D-5470-44EE-A2F3-2911C225E97F}.Debug|Any CPU.ActiveCfg = Debug|Any CPU
		{A356499D-5470-44EE-A2F3-2911C225E97F}.Debug|Any CPU.Build.0 = Debug|Any CPU
		{A356499D-5470-44EE-A2F3-2911C225E97F}.Release|Any CPU.ActiveCfg = Release|Any CPU
		{A356499D-5470-44EE-A2F3-2911C225E97F}.Release|Any CPU.Build.0 = Release|Any CPU
		{245AC1F2-1B63-478C-B2E4-5B96473B46BE}.Debug|Any CPU.ActiveCfg = Debug|Any CPU
		{245AC1F2-1B63-478C-B2E4-5B96473B46BE}.Debug|Any CPU.Build.0 = Debug|Any CPU
		{245AC1F2-1B63-478C-B2E4-5B96473B46BE}.Release|Any CPU.ActiveCfg = Release|Any CPU
		{245AC1F2-1B63-478C-B2E4-5B96473B46BE}.Release|Any CPU.Build.0 = Release|Any CPU
		{53E30A9F-811E-4004-859D-99DF4EDFA91D}.Debug|Any CPU.ActiveCfg = Debug|Any CPU
		{53E30A9F-811E-4004-859D-99DF4EDFA91D}.Debug|Any CPU.Build.0 = Debug|Any CPU
		{53E30A9F-811E-4004-859D-99DF4EDFA91D}.Release|Any CPU.ActiveCfg = Release|Any CPU
		{53E30A9F-811E-4004-859D-99DF4EDFA91D}.Release|Any CPU.Build.0 = Release|Any CPU
	EndGlobalSection
	GlobalSection(SolutionProperties) = preSolution
		HideSolutionNode = FALSE
	EndGlobalSection
	GlobalSection(ExtensibilityGlobals) = postSolution
		SolutionGuid = {26A8AE26-B2FD-4AEE-8DBE-6607CDC174A7}
	EndGlobalSection
EndGlobal
